
Microsoft Visual Studio Solution File, Format Version 12.00
# Visual Studio Version 16
VisualStudioVersion = 16.0.30114.105
MinimumVisualStudioVersion = 10.0.40219.1
Project("{FAE04EC0-301F-11D3-BF4B-00C04F79EFBC}") = "CarsApp", "CarsApp\CarsApp.csproj", "{FFD625F0-0F1B-4DCB-91ED-520437A7863C}"
EndProject
Project("{FAE04EC0-301F-11D3-BF4B-00C04F79EFBC}") = "CarsApp.Businesslogic", "CarsApp.BusinessLogic\CarsApp.Businesslogic.csproj", "{AFF8754E-6149-498C-9374-1BA5B19A5569}"
EndProject
Project("{FAE04EC0-301F-11D3-BF4B-00C04F79EFBC}") = "CarsApp.DataAnnotation", "CarsApp.DataAnnotation\CarsApp.DataAnnotation.csproj", "{67918AA5-500C-4328-AF6B-F7B8E948885E}"
EndProject
Global
	GlobalSection(SolutionConfigurationPlatforms) = preSolution
		Debug|Any CPU = Debug|Any CPU
		Release|Any CPU = Release|Any CPU
	EndGlobalSection
	GlobalSection(SolutionProperties) = preSolution
		HideSolutionNode = FALSE
	EndGlobalSection
	GlobalSection(ProjectConfigurationPlatforms) = postSolution
		{FFD625F0-0F1B-4DCB-91ED-520437A7863C}.Debug|Any CPU.ActiveCfg = Debug|Any CPU
		{FFD625F0-0F1B-4DCB-91ED-520437A7863C}.Debug|Any CPU.Build.0 = Debug|Any CPU
		{FFD625F0-0F1B-4DCB-91ED-520437A7863C}.Release|Any CPU.ActiveCfg = Release|Any CPU
		{FFD625F0-0F1B-4DCB-91ED-520437A7863C}.Release|Any CPU.Build.0 = Release|Any CPU
		{AFF8754E-6149-498C-9374-1BA5B19A5569}.Debug|Any CPU.ActiveCfg = Debug|Any CPU
		{AFF8754E-6149-498C-9374-1BA5B19A5569}.Debug|Any CPU.Build.0 = Debug|Any CPU
		{AFF8754E-6149-498C-9374-1BA5B19A5569}.Release|Any CPU.ActiveCfg = Release|Any CPU
		{AFF8754E-6149-498C-9374-1BA5B19A5569}.Release|Any CPU.Build.0 = Release|Any CPU
		{67918AA5-500C-4328-AF6B-F7B8E948885E}.Debug|Any CPU.ActiveCfg = Debug|Any CPU
		{67918AA5-500C-4328-AF6B-F7B8E948885E}.Debug|Any CPU.Build.0 = Debug|Any CPU
		{67918AA5-500C-4328-AF6B-F7B8E948885E}.Release|Any CPU.ActiveCfg = Release|Any CPU
		{67918AA5-500C-4328-AF6B-F7B8E948885E}.Release|Any CPU.Build.0 = Release|Any CPU
	EndGlobalSection
EndGlobal
